
Microsoft Visual Studio Solution File, Format Version 12.00
# Visual Studio Version 17
VisualStudioVersion = 17.14.36414.22 d17.14
MinimumVisualStudioVersion = 10.0.40219.1
Project("{FAE04EC0-301F-11D3-BF4B-00C04F79EFBC}") = "CMCS_WPF_Framework", "CMCS_WPF_Framework\CMCS_WPF_Framework.csproj", "{2175798F-A67D-4C3A-985F-4F452093A705}"
EndProject
Global
	GlobalSection(SolutionConfigurationPlatforms) = preSolution
		Debug|Any CPU = Debug|Any CPU
		Release|Any CPU = Release|Any CPU
	EndGlobalSection
	GlobalSection(ProjectConfigurationPlatforms) = postSolution
		{2175798F-A67D-4C3A-985F-4F452093A705}.Debug|Any CPU.ActiveCfg = Debug|Any CPU
		{2175798F-A67D-4C3A-985F-4F452093A705}.Debug|Any CPU.Build.0 = Debug|Any CPU
		{2175798F-A67D-4C3A-985F-4F452093A705}.Release|Any CPU.ActiveCfg = Release|Any CPU
		{2175798F-A67D-4C3A-985F-4F452093A705}.Release|Any CPU.Build.0 = Release|Any CPU
	EndGlobalSection
	GlobalSection(SolutionProperties) = preSolution
		HideSolutionNode = FALSE
	EndGlobalSection
	GlobalSection(ExtensibilityGlobals) = postSolution
		SolutionGuid = {C4784801-9C52-42BE-8E37-7F2B73AE1816}
	EndGlobalSection
EndGlobal
